
Microsoft Visual Studio Solution File, Format Version 12.00
# Visual Studio Version 17
VisualStudioVersion = 17.8.34330.188
MinimumVisualStudioVersion = 10.0.40219.1
Project("{FAE04EC0-301F-11D3-BF4B-00C04F79EFBC}") = "Server", "Server\Server.csproj", "{9DB44679-4374-49DF-B64A-A6CF568E811B}"
EndProject
Global
	GlobalSection(SolutionConfigurationPlatforms) = preSolution
		Debug|Any CPU = Debug|Any CPU
		Release|Any CPU = Release|Any CPU
	EndGlobalSection
	GlobalSection(ProjectConfigurationPlatforms) = postSolution
		{9DB44679-4374-49DF-B64A-A6CF568E811B}.Debug|Any CPU.ActiveCfg = Debug|Any CPU
		{9DB44679-4374-49DF-B64A-A6CF568E811B}.Debug|Any CPU.Build.0 = Debug|Any CPU
		{9DB44679-4374-49DF-B64A-A6CF568E811B}.Release|Any CPU.ActiveCfg = Release|Any CPU
		{9DB44679-4374-49DF-B64A-A6CF568E811B}.Release|Any CPU.Build.0 = Release|Any CPU
	EndGlobalSection
	GlobalSection(SolutionProperties) = preSolution
		HideSolutionNode = FALSE
	EndGlobalSection
	GlobalSection(ExtensibilityGlobals) = postSolution
		SolutionGuid = {000E23C5-CA4D-491D-96CD-20442292BE4A}
	EndGlobalSection
EndGlobal
